
Microsoft Visual Studio Solution File, Format Version 12.00
Project("{FAE04EC0-301F-11D3-BF4B-00C04F79EFBC}") = "BoatApp.Common", "BoatApp.Common\BoatApp.Common.csproj", "{80224581-2445-450A-8D90-16E76A93080D}"
EndProject
Project("{FAE04EC0-301F-11D3-BF4B-00C04F79EFBC}") = "BoatApp.Domain", "BoatApp.Domain\BoatApp.Domain.csproj", "{E5782940-21D3-43DA-B792-E8856F2D792E}"
EndProject
Project("{FAE04EC0-301F-11D3-BF4B-00C04F79EFBC}") = "BoatApp.Maui.Domain", "BoatApp.Maui.Domain\BoatApp.Maui.Domain.csproj", "{C3A18385-60A1-48B2-8868-2C135CD43508}"
EndProject
Project("{FAE04EC0-301F-11D3-BF4B-00C04F79EFBC}") = "BoatApp.Maui.Services", "BoatApp.Maui.Services\BoatApp.Maui.Services.csproj", "{45373243-D48E-42E1-83F1-4EF73693BC0A}"
EndProject
Project("{FAE04EC0-301F-11D3-BF4B-00C04F79EFBC}") = "BoatApp.Models", "BoatApp.Models\BoatApp.Models.csproj", "{138E65AD-7979-4587-8873-0A0952012C03}"
EndProject
Project("{FAE04EC0-301F-11D3-BF4B-00C04F79EFBC}") = "BoatApp.Maui.UI", "BoatApp.Maui.UI\BoatApp.Maui.UI.csproj", "{0C4929E1-FA2C-4380-8557-FD0B9F6BCF95}"
EndProject
Project("{2150E333-8FDC-42A3-9474-1A3956D46DE8}") = "1.0 Common", "1.0 Common", "{6C7266A1-18C9-4C95-A4F6-073DB7B3A354}"
EndProject
Project("{2150E333-8FDC-42A3-9474-1A3956D46DE8}") = "2.0 Business", "2.0 Business", "{853D919F-6AC4-4AE3-8236-5A6F2A61B866}"
EndProject
Project("{2150E333-8FDC-42A3-9474-1A3956D46DE8}") = "3.0 UI", "3.0 UI", "{877D71C7-5707-49BE-8DD5-7228474D7211}"
EndProject
Global
	GlobalSection(SolutionConfigurationPlatforms) = preSolution
		Debug|Any CPU = Debug|Any CPU
		Release|Any CPU = Release|Any CPU
	EndGlobalSection
	GlobalSection(ProjectConfigurationPlatforms) = postSolution
		{80224581-2445-450A-8D90-16E76A93080D}.Debug|Any CPU.ActiveCfg = Debug|Any CPU
		{80224581-2445-450A-8D90-16E76A93080D}.Debug|Any CPU.Build.0 = Debug|Any CPU
		{80224581-2445-450A-8D90-16E76A93080D}.Release|Any CPU.ActiveCfg = Release|Any CPU
		{80224581-2445-450A-8D90-16E76A93080D}.Release|Any CPU.Build.0 = Release|Any CPU
		{E5782940-21D3-43DA-B792-E8856F2D792E}.Debug|Any CPU.ActiveCfg = Debug|Any CPU
		{E5782940-21D3-43DA-B792-E8856F2D792E}.Debug|Any CPU.Build.0 = Debug|Any CPU
		{E5782940-21D3-43DA-B792-E8856F2D792E}.Release|Any CPU.ActiveCfg = Release|Any CPU
		{E5782940-21D3-43DA-B792-E8856F2D792E}.Release|Any CPU.Build.0 = Release|Any CPU
		{C3A18385-60A1-48B2-8868-2C135CD43508}.Debug|Any CPU.ActiveCfg = Debug|Any CPU
		{C3A18385-60A1-48B2-8868-2C135CD43508}.Debug|Any CPU.Build.0 = Debug|Any CPU
		{C3A18385-60A1-48B2-8868-2C135CD43508}.Release|Any CPU.ActiveCfg = Release|Any CPU
		{C3A18385-60A1-48B2-8868-2C135CD43508}.Release|Any CPU.Build.0 = Release|Any CPU
		{45373243-D48E-42E1-83F1-4EF73693BC0A}.Debug|Any CPU.ActiveCfg = Debug|Any CPU
		{45373243-D48E-42E1-83F1-4EF73693BC0A}.Debug|Any CPU.Build.0 = Debug|Any CPU
		{45373243-D48E-42E1-83F1-4EF73693BC0A}.Release|Any CPU.ActiveCfg = Release|Any CPU
		{45373243-D48E-42E1-83F1-4EF73693BC0A}.Release|Any CPU.Build.0 = Release|Any CPU
		{138E65AD-7979-4587-8873-0A0952012C03}.Debug|Any CPU.ActiveCfg = Debug|Any CPU
		{138E65AD-7979-4587-8873-0A0952012C03}.Debug|Any CPU.Build.0 = Debug|Any CPU
		{138E65AD-7979-4587-8873-0A0952012C03}.Release|Any CPU.ActiveCfg = Release|Any CPU
		{138E65AD-7979-4587-8873-0A0952012C03}.Release|Any CPU.Build.0 = Release|Any CPU
		{0C4929E1-FA2C-4380-8557-FD0B9F6BCF95}.Debug|Any CPU.ActiveCfg = Debug|Any CPU
		{0C4929E1-FA2C-4380-8557-FD0B9F6BCF95}.Debug|Any CPU.Build.0 = Debug|Any CPU
		{0C4929E1-FA2C-4380-8557-FD0B9F6BCF95}.Release|Any CPU.ActiveCfg = Release|Any CPU
		{0C4929E1-FA2C-4380-8557-FD0B9F6BCF95}.Release|Any CPU.Build.0 = Release|Any CPU
	EndGlobalSection
	GlobalSection(NestedProjects) = preSolution
		{80224581-2445-450A-8D90-16E76A93080D} = {6C7266A1-18C9-4C95-A4F6-073DB7B3A354}
		{E5782940-21D3-43DA-B792-E8856F2D792E} = {853D919F-6AC4-4AE3-8236-5A6F2A61B866}
		{C3A18385-60A1-48B2-8868-2C135CD43508} = {853D919F-6AC4-4AE3-8236-5A6F2A61B866}
		{45373243-D48E-42E1-83F1-4EF73693BC0A} = {853D919F-6AC4-4AE3-8236-5A6F2A61B866}
		{0C4929E1-FA2C-4380-8557-FD0B9F6BCF95} = {877D71C7-5707-49BE-8DD5-7228474D7211}
		{138E65AD-7979-4587-8873-0A0952012C03} = {853D919F-6AC4-4AE3-8236-5A6F2A61B866}
	EndGlobalSection
EndGlobal
